// !$*UTF8*$!
{
	archiveVersion = 1;
	classes = {
	};
	objectVersion = 46;
	objects = {

/* Begin PBXBuildFile section */
		BF7E8CDA1CDC77D9003E2449 /* main.m in Sources */ = {isa = PBXBuildFile; fileRef = BF7E8CD91CDC77D9003E2449 /* main.m */; };
		BF7E8CDD1CDC77D9003E2449 /* AppDelegate.m in Sources */ = {isa = PBXBuildFile; fileRef = BF7E8CDC1CDC77D9003E2449 /* AppDelegate.m */; };
		BF7E8CE01CDC77D9003E2449 /* ViewController.m in Sources */ = {isa = PBXBuildFile; fileRef = BF7E8CDF1CDC77D9003E2449 /* ViewController.m */; };
		BF7E8CE31CDC77D9003E2449 /* Main.storyboard in Resources */ = {isa = PBXBuildFile; fileRef = BF7E8CE11CDC77D9003E2449 /* Main.storyboard */; };
		BF7E8CE51CDC77D9003E2449 /* Assets.xcassets in Resources */ = {isa = PBXBuildFile; fileRef = BF7E8CE41CDC77D9003E2449 /* Assets.xcassets */; };
		BF7E8CE81CDC77D9003E2449 /* LaunchScreen.storyboard in Resources */ = {isa = PBXBuildFile; fileRef = BF7E8CE61CDC77D9003E2449 /* LaunchScreen.storyboard */; };
		BF7E8CF31CDC77D9003E2449 /* _______Tests.m in Sources */ = {isa = PBXBuildFile; fileRef = BF7E8CF21CDC77D9003E2449 /* _______Tests.m */; };
		BF7E8CFE1CDC77D9003E2449 /* _______UITests.m in Sources */ = {isa = PBXBuildFile; fileRef = BF7E8CFD1CDC77D9003E2449 /* _______UITests.m */; };
		BF7E8D0D1CDC77FB003E2449 /* CircleView.m in Sources */ = {isa = PBXBuildFile; fileRef = BF7E8D0C1CDC77FB003E2449 /* CircleView.m */; };
		BF7E8D101CDC7C7A003E2449 /* NineLockView.m in Sources */ = {isa = PBXBuildFile; fileRef = BF7E8D0F1CDC7C7A003E2449 /* NineLockView.m */; };
		BF7E8D131CDC831F003E2449 /* circle_normal.png in Resources */ = {isa = PBXBuildFile; fileRef = BF7E8D111CDC831F003E2449 /* circle_normal.png */; };
		BF7E8D141CDC831F003E2449 /* circle_selected.png in Resources */ = {isa = PBXBuildFile; fileRef = BF7E8D121CDC831F003E2449 /* circle_selected.png */; };
/* End PBXBuildFile section */

/* Begin PBXContainerItemProxy section */
		BF7E8CEF1CDC77D9003E2449 /* PBXContainerItemProxy */ = {
			isa = PBXContainerItemProxy;
			containerPortal = BF7E8CCD1CDC77D9003E2449 /* Project object */;
			proxyType = 1;
			remoteGlobalIDString = BF7E8CD41CDC77D9003E2449;
			remoteInfo = "九宫格手势密码";
		};
		BF7E8CFA1CDC77D9003E2449 /* PBXContainerItemProxy */ = {
			isa = PBXContainerItemProxy;
			containerPortal = BF7E8CCD1CDC77D9003E2449 /* Project object */;
			proxyType = 1;
			remoteGlobalIDString = BF7E8CD41CDC77D9003E2449;
			remoteInfo = "九宫格手势密码";
		};
/* End PBXContainerItemProxy section */

/* Begin PBXFileReference section */
		BF7E8CD51CDC77D9003E2449 /* 九宫格手势密码.app */ = {isa = PBXFileReference; explicitFileType = wrapper.application; includeInIndex = 0; path = "九宫格手势密码.app"; sourceTree = BUILT_PRODUCTS_DIR; };
		BF7E8CD91CDC77D9003E2449 /* main.m */ = {isa = PBXFileReference; lastKnownFileType = sourcecode.c.objc; path = main.m; sourceTree = "<group>"; };
		BF7E8CDB1CDC77D9003E2449 /* AppDelegate.h */ = {isa = PBXFileReference; lastKnownFileType = sourcecode.c.h; path = AppDelegate.h; sourceTree = "<group>"; };
		BF7E8CDC1CDC77D9003E2449 /* AppDelegate.m */ = {isa = PBXFileReference; lastKnownFileType = sourcecode.c.objc; path = AppDelegate.m; sourceTree = "<group>"; };
		BF7E8CDE1CDC77D9003E2449 /* ViewController.h */ = {isa = PBXFileReference; lastKnownFileType = sourcecode.c.h; path = ViewController.h; sourceTree = "<group>"; };
		BF7E8CDF1CDC77D9003E2449 /* ViewController.m */ = {isa = PBXFileReference; lastKnownFileType = sourcecode.c.objc; path = ViewController.m; sourceTree = "<group>"; };
		BF7E8CE21CDC77D9003E2449 /* Base */ = {isa = PBXFileReference; lastKnownFileType = file.storyboard; name = Base; path = Base.lproj/Main.storyboard; sourceTree = "<group>"; };
		BF7E8CE41CDC77D9003E2449 /* Assets.xcassets */ = {isa = PBXFileReference; lastKnownFileType = folder.assetcatalog; path = Assets.xcassets; sourceTree = "<group>"; };
		BF7E8CE71CDC77D9003E2449 /* Base */ = {isa = PBXFileReference; lastKnownFileType = file.storyboard; name = Base; path = Base.lproj/LaunchScreen.storyboard; sourceTree = "<group>"; };
		BF7E8CE91CDC77D9003E2449 /* Info.plist */ = {isa = PBXFileReference; lastKnownFileType = text.plist.xml; path = Info.plist; sourceTree = "<group>"; };
		BF7E8CEE1CDC77D9003E2449 /* 九宫格手势密码Tests.xctest */ = {isa = PBXFileReference; explicitFileType = wrapper.cfbundle; includeInIndex = 0; path = "九宫格手势密码Tests.xctest"; sourceTree = BUILT_PRODUCTS_DIR; };
		BF7E8CF21CDC77D9003E2449 /* _______Tests.m */ = {isa = PBXFileReference; lastKnownFileType = sourcecode.c.objc; path = "_______Tests.m"; sourceTree = "<group>"; };
		BF7E8CF41CDC77D9003E2449 /* Info.plist */ = {isa = PBXFileReference; lastKnownFileType = text.plist.xml; path = Info.plist; sourceTree = "<group>"; };
		BF7E8CF91CDC77D9003E2449 /* 九宫格手势密码UITests.xctest */ = {isa = PBXFileReference; explicitFileType = wrapper.cfbundle; includeInIndex = 0; path = "九宫格手势密码UITests.xctest"; sourceTree = BUILT_PRODUCTS_DIR; };
		BF7E8CFD1CDC77D9003E2449 /* _______UITests.m */ = {isa = PBXFileReference; lastKnownFileType = sourcecode.c.objc; path = "_______UITests.m"; sourceTree = "<group>"; };
		BF7E8CFF1CDC77D9003E2449 /* Info.plist */ = {isa = PBXFileReference; lastKnownFileType = text.plist.xml; path = Info.plist; sourceTree = "<group>"; };
		BF7E8D0B1CDC77FB003E2449 /* CircleView.h */ = {isa = PBXFileReference; fileEncoding = 4; lastKnownFileType = sourcecode.c.h; path = CircleView.h; sourceTree = "<group>"; };
		BF7E8D0C1CDC77FB003E2449 /* CircleView.m */ = {isa = PBXFileReference; fileEncoding = 4; lastKnownFileType = sourcecode.c.objc; path = CircleView.m; sourceTree = "<group>"; };
		BF7E8D0E1CDC7C7A003E2449 /* NineLockView.h */ = {isa = PBXFileReference; fileEncoding = 4; lastKnownFileType = sourcecode.c.h; path = NineLockView.h; sourceTree = "<group>"; };
		BF7E8D0F1CDC7C7A003E2449 /* NineLockView.m */ = {isa = PBXFileReference; fileEncoding = 4; lastKnownFileType = sourcecode.c.objc; path = NineLockView.m; sourceTree = "<group>"; };
		BF7E8D111CDC831F003E2449 /* circle_normal.png */ = {isa = PBXFileReference; lastKnownFileType = image.png; path = circle_normal.png; sourceTree = "<group>"; };
		BF7E8D121CDC831F003E2449 /* circle_selected.png */ = {isa = PBXFileReference; lastKnownFileType = image.png; path = circle_selected.png; sourceTree = "<group>"; };
/* End PBXFileReference section */

/* Begin PBXFrameworksBuildPhase section */
		BF7E8CD21CDC77D9003E2449 /* Frameworks */ = {
			isa = PBXFrameworksBuildPhase;
			buildActionMask = 2147483647;
			files = (
			);
			runOnlyForDeploymentPostprocessing = 0;
		};
		BF7E8CEB1CDC77D9003E2449 /* Frameworks */ = {
			isa = PBXFrameworksBuildPhase;
			buildActionMask = 2147483647;
			files = (
			);
			runOnlyForDeploymentPostprocessing = 0;
		};
		BF7E8CF61CDC77D9003E2449 /* Frameworks */ = {
			isa = PBXFrameworksBuildPhase;
			buildActionMask = 2147483647;
			files = (
			);
			runOnlyForDeploymentPostprocessing = 0;
		};
/* End PBXFrameworksBuildPhase section */

/* Begin PBXGroup section */
		BF7E8CCC1CDC77D9003E2449 = {
			isa = PBXGroup;
			children = (
				BF7E8CD71CDC77D9003E2449 /* 九宫格手势密码 */,
				BF7E8CF11CDC77D9003E2449 /* 九宫格手势密码Tests */,
				BF7E8CFC1CDC77D9003E2449 /* 九宫格手势密码UITests */,
				BF7E8CD61CDC77D9003E2449 /* Products */,
			);
			sourceTree = "<group>";
		};
		BF7E8CD61CDC77D9003E2449 /* Products */ = {
			isa = PBXGroup;
			children = (
				BF7E8CD51CDC77D9003E2449 /* 九宫格手势密码.app */,
				BF7E8CEE1CDC77D9003E2449 /* 九宫格手势密码Tests.xctest */,
				BF7E8CF91CDC77D9003E2449 /* 九宫格手势密码UITests.xctest */,
			);
			name = Products;
			sourceTree = "<group>";
		};
		BF7E8CD71CDC77D9003E2449 /* 九宫格手势密码 */ = {
			isa = PBXGroup;
			children = (
				BF7E8D111CDC831F003E2449 /* circle_normal.png */,
				BF7E8D121CDC831F003E2449 /* circle_selected.png */,
				BF7E8CDB1CDC77D9003E2449 /* AppDelegate.h */,
				BF7E8CDC1CDC77D9003E2449 /* AppDelegate.m */,
				BF7E8CDE1CDC77D9003E2449 /* ViewController.h */,
				BF7E8CDF1CDC77D9003E2449 /* ViewController.m */,
				BF7E8D0B1CDC77FB003E2449 /* CircleView.h */,
				BF7E8D0C1CDC77FB003E2449 /* CircleView.m */,
				BF7E8D0E1CDC7C7A003E2449 /* NineLockView.h */,
				BF7E8D0F1CDC7C7A003E2449 /* NineLockView.m */,
				BF7E8CE11CDC77D9003E2449 /* Main.storyboard */,
				BF7E8CE41CDC77D9003E2449 /* Assets.xcassets */,
				BF7E8CE61CDC77D9003E2449 /* LaunchScreen.storyboard */,
				BF7E8CE91CDC77D9003E2449 /* Info.plist */,
				BF7E8CD81CDC77D9003E2449 /* Supporting Files */,
			);
			path = "九宫格手势密码";
			sourceTree = "<group>";
		};
		BF7E8CD81CDC77D9003E2449 /* Supporting Files */ = {
			isa = PBXGroup;
			children = (
				BF7E8CD91CDC77D9003E2449 /* main.m */,
			);
			name = "Supporting Files";
			sourceTree = "<group>";
		};
		BF7E8CF11CDC77D9003E2449 /* 九宫格手势密码Tests */ = {
			isa = PBXGroup;
			children = (
				BF7E8CF21CDC77D9003E2449 /* _______Tests.m */,
				BF7E8CF41CDC77D9003E2449 /* Info.plist */,
			);
			path = "九宫格手势密码Tests";
			sourceTree = "<group>";
		};
		BF7E8CFC1CDC77D9003E2449 /* 九宫格手势密码UITests */ = {
			isa = PBXGroup;
			children = (
				BF7E8CFD1CDC77D9003E2449 /* _______UITests.m */,
				BF7E8CFF1CDC77D9003E2449 /* Info.plist */,
			);
			path = "九宫格手势密码UITests";
			sourceTree = "<group>";
		};
/* End PBXGroup section */

/* Begin PBXNativeTarget section */
		BF7E8CD41CDC77D9003E2449 /* 九宫格手势密码 */ = {
			isa = PBXNativeTarget;
			buildConfigurationList = BF7E8D021CDC77D9003E2449 /* Build configuration list for PBXNativeTarget "九宫格手势密码" */;
			buildPhases = (
				BF7E8CD11CDC77D9003E2449 /* Sources */,
				BF7E8CD21CDC77D9003E2449 /* Frameworks */,
				BF7E8CD31CDC77D9003E2449 /* Resources */,
			);
			buildRules = (
			);
			dependencies = (
			);
			name = "九宫格手势密码";
			productName = "九宫格手势密码";
			productReference = BF7E8CD51CDC77D9003E2449 /* 九宫格手势密码.app */;
			productType = "com.apple.product-type.application";
		};
		BF7E8CED1CDC77D9003E2449 /* 九宫格手势密码Tests */ = {
			isa = PBXNativeTarget;
			buildConfigurationList = BF7E8D051CDC77D9003E2449 /* Build configuration list for PBXNativeTarget "九宫格手势密码Tests" */;
			buildPhases = (
				BF7E8CEA1CDC77D9003E2449 /* Sources */,
				BF7E8CEB1CDC77D9003E2449 /* Frameworks */,
				BF7E8CEC1CDC77D9003E2449 /* Resources */,
			);
			buildRules = (
			);
			dependencies = (
				BF7E8CF01CDC77D9003E2449 /* PBXTargetDependency */,
			);
			name = "九宫格手势密码Tests";
			productName = "九宫格手势密码Tests";
			productReference = BF7E8CEE1CDC77D9003E2449 /* 九宫格手势密码Tests.xctest */;
			productType = "com.apple.product-type.bundle.unit-test";
		};
		BF7E8CF81CDC77D9003E2449 /* 九宫格手势密码UITests */ = {
			isa = PBXNativeTarget;
			buildConfigurationList = BF7E8D081CDC77D9003E2449 /* Build configuration list for PBXNativeTarget "九宫格手势密码UITests" */;
			buildPhases = (
				BF7E8CF51CDC77D9003E2449 /* Sources */,
				BF7E8CF61CDC77D9003E2449 /* Frameworks */,
				BF7E8CF71CDC77D9003E2449 /* Resources */,
			);
			buildRules = (
			);
			dependencies = (
				BF7E8CFB1CDC77D9003E2449 /* PBXTargetDependency */,
			);
			name = "九宫格手势密码UITests";
			productName = "九宫格手势密码UITests";
			productReference = BF7E8CF91CDC77D9003E2449 /* 九宫格手势密码UITests.xctest */;
			productType = "com.apple.product-type.bundle.ui-testing";
		};
/* End PBXNativeTarget section */

/* Begin PBXProject section */
		BF7E8CCD1CDC77D9003E2449 /* Project object */ = {
			isa = PBXProject;
			attributes = {
				LastUpgradeCheck = 0720;
				ORGANIZATIONNAME = "石纯勇";
				TargetAttributes = {
					BF7E8CD41CDC77D9003E2449 = {
						CreatedOnToolsVersion = 7.2;
						DevelopmentTeam = U6BSZ562K2;
					};
					BF7E8CED1CDC77D9003E2449 = {
						CreatedOnToolsVersion = 7.2;
						DevelopmentTeam = U6BSZ562K2;
						TestTargetID = BF7E8CD41CDC77D9003E2449;
					};
					BF7E8CF81CDC77D9003E2449 = {
						CreatedOnToolsVersion = 7.2;
						DevelopmentTeam = U6BSZ562K2;
						TestTargetID = BF7E8CD41CDC77D9003E2449;
					};
				};
			};
			buildConfigurationList = BF7E8CD01CDC77D9003E2449 /* Build configuration list for PBXProject "九宫格手势密码" */;
			compatibilityVersion = "Xcode 3.2";
			developmentRegion = English;
			hasScannedForEncodings = 0;
			knownRegions = (
				en,
				Base,
			);
			mainGroup = BF7E8CCC1CDC77D9003E2449;
			productRefGroup = BF7E8CD61CDC77D9003E2449 /* Products */;
			projectDirPath = "";
			projectRoot = "";
			targets = (
				BF7E8CD41CDC77D9003E2449 /* 九宫格手势密码 */,
				BF7E8CED1CDC77D9003E2449 /* 九宫格手势密码Tests */,
				BF7E8CF81CDC77D9003E2449 /* 九宫格手势密码UITests */,
			);
		};
/* End PBXProject section */

/* Begin PBXResourcesBuildPhase section */
		BF7E8CD31CDC77D9003E2449 /* Resources */ = {
			isa = PBXResourcesBuildPhase;
			buildActionMask = 2147483647;
			files = (
				BF7E8D141CDC831F003E2449 /* circle_selected.png in Resources */,
				BF7E8CE81CDC77D9003E2449 /* LaunchScreen.storyboard in Resources */,
				BF7E8CE51CDC77D9003E2449 /* Assets.xcassets in Resources */,
				BF7E8D131CDC831F003E2449 /* circle_normal.png in Resources */,
				BF7E8CE31CDC77D9003E2449 /* Main.storyboard in Resources */,
			);
			runOnlyForDeploymentPostprocessing = 0;
		};
		BF7E8CEC1CDC77D9003E2449 /* Resources */ = {
			isa = PBXResourcesBuildPhase;
			buildActionMask = 2147483647;
			files = (
			);
			runOnlyForDeploymentPostprocessing = 0;
		};
		BF7E8CF71CDC77D9003E2449 /* Resources */ = {
			isa = PBXResourcesBuildPhase;
			buildActionMask = 2147483647;
			files = (
			);
			runOnlyForDeploymentPostprocessing = 0;
		};
/* End PBXResourcesBuildPhase section */

/* Begin PBXSourcesBuildPhase section */
		BF7E8CD11CDC77D9003E2449 /* Sources */ = {
			isa = PBXSourcesBuildPhase;
			buildActionMask = 2147483647;
			files = (
				BF7E8D0D1CDC77FB003E2449 /* CircleView.m in Sources */,
				BF7E8CE01CDC77D9003E2449 /* ViewController.m in Sources */,
				BF7E8D101CDC7C7A003E2449 /* NineLockView.m in Sources */,
				BF7E8CDD1CDC77D9003E2449 /* AppDelegate.m in Sources */,
				BF7E8CDA1CDC77D9003E2449 /* main.m in Sources */,
			);
			runOnlyForDeploymentPostprocessing = 0;
		};
		BF7E8CEA1CDC77D9003E2449 /* Sources */ = {
			isa = PBXSourcesBuildPhase;
			buildActionMask = 2147483647;
			files = (
				BF7E8CF31CDC77D9003E2449 /* _______Tests.m in Sources */,
			);
			runOnlyForDeploymentPostprocessing = 0;
		};
		BF7E8CF51CDC77D9003E2449 /* Sources */ = {
			isa = PBXSourcesBuildPhase;
			buildActionMask = 2147483647;
			files = (
				BF7E8CFE1CDC77D9003E2449 /* _______UITests.m in Sources */,
			);
			runOnlyForDeploymentPostprocessing = 0;
		};
/* End PBXSourcesBuildPhase section */

/* Begin PBXTargetDependency section */
		BF7E8CF01CDC77D9003E2449 /* PBXTargetDependency */ = {
			isa = PBXTargetDependency;
			target = BF7E8CD41CDC77D9003E2449 /* 九宫格手势密码 */;
			targetProxy = BF7E8CEF1CDC77D9003E2449 /* PBXContainerItemProxy */;
		};
		BF7E8CFB1CDC77D9003E2449 /* PBXTargetDependency */ = {
			isa = PBXTargetDependency;
			target = BF7E8CD41CDC77D9003E2449 /* 九宫格手势密码 */;
			targetProxy = BF7E8CFA1CDC77D9003E2449 /* PBXContainerItemProxy */;
		};
/* End PBXTargetDependency section */

/* Begin PBXVariantGroup section */
		BF7E8CE11CDC77D9003E2449 /* Main.storyboard */ = {
			isa = PBXVariantGroup;
			children = (
				BF7E8CE21CDC77D9003E2449 /* Base */,
			);
			name = Main.storyboard;
			sourceTree = "<group>";
		};
		BF7E8CE61CDC77D9003E2449 /* LaunchScreen.storyboard */ = {
			isa = PBXVariantGroup;
			children = (
				BF7E8CE71CDC77D9003E2449 /* Base */,
			);
			name = LaunchScreen.storyboard;
			sourceTree = "<group>";
		};
/* End PBXVariantGroup section */

/* Begin XCBuildConfiguration section */
		BF7E8D001CDC77D9003E2449 /* Debug */ = {
			isa = XCBuildConfiguration;
			buildSettings = {
				ALWAYS_SEARCH_USER_PATHS = NO;
				CLANG_CXX_LANGUAGE_STANDARD = "gnu++0x";
				CLANG_CXX_LIBRARY = "libc++";
				CLANG_ENABLE_MODULES = YES;
				CLANG_ENABLE_OBJC_ARC = YES;
				CLANG_WARN_BOOL_CONVERSION = YES;
				CLANG_WARN_CONSTANT_CONVERSION = YES;
				CLANG_WARN_DIRECT_OBJC_ISA_USAGE = YES_ERROR;
				CLANG_WARN_EMPTY_BODY = YES;
				CLANG_WARN_ENUM_CONVERSION = YES;
				CLANG_WARN_INT_CONVERSION = YES;
				CLANG_WARN_OBJC_ROOT_CLASS = YES_ERROR;
				CLANG_WARN_UNREACHABLE_CODE = YES;
				CLANG_WARN__DUPLICATE_METHOD_MATCH = YES;
				"CODE_SIGN_IDENTITY[sdk=iphoneos*]" = "iPhone Developer";
				COPY_PHASE_STRIP = NO;
				DEBUG_INFORMATION_FORMAT = dwarf;
				ENABLE_STRICT_OBJC_MSGSEND = YES;
				ENABLE_TESTABILITY = YES;
				GCC_C_LANGUAGE_STANDARD = gnu99;
				GCC_DYNAMIC_NO_PIC = NO;
				GCC_NO_COMMON_BLOCKS = YES;
				GCC_OPTIMIZATION_LEVEL = 0;
				GCC_PREPROCESSOR_DEFINITIONS = (
					"DEBUG=1",
					"$(inherited)",
				);
				GCC_WARN_64_TO_32_BIT_CONVERSION = YES;
				GCC_WARN_ABOUT_RETURN_TYPE = YES_ERROR;
				GCC_WARN_UNDECLARED_SELECTOR = YES;
				GCC_WARN_UNINITIALIZED_AUTOS = YES_AGGRESSIVE;
				GCC_WARN_UNUSED_FUNCTION = YES;
				GCC_WARN_UNUSED_VARIABLE = YES;
				IPHONEOS_DEPLOYMENT_TARGET = 9.2;
				MTL_ENABLE_DEBUG_INFO = YES;
				ONLY_ACTIVE_ARCH = YES;
				SDKROOT = iphoneos;
			};
			name = Debug;
		};
		BF7E8D011CDC77D9003E2449 /* Release */ = {
			isa = XCBuildConfiguration;
			buildSettings = {
				ALWAYS_SEARCH_USER_PATHS = NO;
				CLANG_CXX_LANGUAGE_STANDARD = "gnu++0x";
				CLANG_CXX_LIBRARY = "libc++";
				CLANG_ENABLE_MODULES = YES;
				CLANG_ENABLE_OBJC_ARC = YES;
				CLANG_WARN_BOOL_CONVERSION = YES;
				CLANG_WARN_CONSTANT_CONVERSION = YES;
				CLANG_WARN_DIRECT_OBJC_ISA_USAGE = YES_ERROR;
				CLANG_WARN_EMPTY_BODY = YES;
				CLANG_WARN_ENUM_CONVERSION = YES;
				CLANG_WARN_INT_CONVERSION = YES;
				CLANG_WARN_OBJC_ROOT_CLASS = YES_ERROR;
				CLANG_WARN_UNREACHABLE_CODE = YES;
				CLANG_WARN__DUPLICATE_METHOD_MATCH = YES;
				"CODE_SIGN_IDENTITY[sdk=iphoneos*]" = "iPhone Developer";
				COPY_PHASE_STRIP = NO;
				DEBUG_INFORMATION_FORMAT = "dwarf-with-dsym";
				ENABLE_NS_ASSERTIONS = NO;
				ENABLE_STRICT_OBJC_MSGSEND = YES;
				GCC_C_LANGUAGE_STANDARD = gnu99;
				GCC_NO_COMMON_BLOCKS = YES;
				GCC_WARN_64_TO_32_BIT_CONVERSION = YES;
				GCC_WARN_ABOUT_RETURN_TYPE = YES_ERROR;
				GCC_WARN_UNDECLARED_SELECTOR = YES;
				GCC_WARN_UNINITIALIZED_AUTOS = YES_AGGRESSIVE;
				GCC_WARN_UNUSED_FUNCTION = YES;
				GCC_WARN_UNUSED_VARIABLE = YES;
				IPHONEOS_DEPLOYMENT_TARGET = 9.2;
				MTL_ENABLE_DEBUG_INFO = NO;
				SDKROOT = iphoneos;
				VALIDATE_PRODUCT = YES;
			};
			name = Release;
		};
		BF7E8D031CDC77D9003E2449 /* Debug */ = {
			isa = XCBuildConfiguration;
			buildSettings = {
				ASSETCATALOG_COMPILER_APPICON_NAME = AppIcon;
				INFOPLIST_FILE = "九宫格手势密码/Info.plist";
				LD_RUNPATH_SEARCH_PATHS = "$(inherited) @executable_path/Frameworks";
				PRODUCT_BUNDLE_IDENTIFIER = "yitong.-------";
				PRODUCT_NAME = "$(TARGET_NAME)";
			};
			name = Debug;
		};
		BF7E8D041CDC77D9003E2449 /* Release */ = {
			isa = XCBuildConfiguration;
			buildSettings = {
				ASSETCATALOG_COMPILER_APPICON_NAME = AppIcon;
				INFOPLIST_FILE = "九宫格手势密码/Info.plist";
				LD_RUNPATH_SEARCH_PATHS = "$(inherited) @executable_path/Frameworks";
				PRODUCT_BUNDLE_IDENTIFIER = "yitong.-------";
				PRODUCT_NAME = "$(TARGET_NAME)";
			};
			name = Release;
		};
		BF7E8D061CDC77D9003E2449 /* Debug */ = {
			isa = XCBuildConfiguration;
			buildSettings = {
				BUNDLE_LOADER = "$(TEST_HOST)";
				INFOPLIST_FILE = "九宫格手势密码Tests/Info.plist";
				LD_RUNPATH_SEARCH_PATHS = "$(inherited) @executable_path/Frameworks @loader_path/Frameworks";
				PRODUCT_BUNDLE_IDENTIFIER = "yitong.-------Tests";
				PRODUCT_NAME = "$(TARGET_NAME)";
				TEST_HOST = "$(BUILT_PRODUCTS_DIR)/九宫格手势密码.app/九宫格手势密码";
			};
			name = Debug;
		};
		BF7E8D071CDC77D9003E2449 /* Release */ = {
			isa = XCBuildConfiguration;
			buildSettings = {
				BUNDLE_LOADER = "$(TEST_HOST)";
				INFOPLIST_FILE = "九宫格手势密码Tests/Info.plist";
				LD_RUNPATH_SEARCH_PATHS = "$(inherited) @executable_path/Frameworks @loader_path/Frameworks";
				PRODUCT_BUNDLE_IDENTIFIER = "yitong.-------Tests";
				PRODUCT_NAME = "$(TARGET_NAME)";
				TEST_HOST = "$(BUILT_PRODUCTS_DIR)/九宫格手势密码.app/九宫格手势密码";
			};
			name = Release;
		};
		BF7E8D091CDC77D9003E2449 /* Debug */ = {
			isa = XCBuildConfiguration;
			buildSettings = {
				INFOPLIST_FILE = "九宫格手势密码UITests/Info.plist";
				LD_RUNPATH_SEARCH_PATHS = "$(inherited) @executable_path/Frameworks @loader_path/Frameworks";
				PRODUCT_BUNDLE_IDENTIFIER = "yitong.-------UITests";
				PRODUCT_NAME = "$(TARGET_NAME)";
				TEST_TARGET_NAME = "九宫格手势密码";
				USES_XCTRUNNER = YES;
			};
			name = Debug;
		};
		BF7E8D0A1CDC77D9003E2449 /* Release */ = {
			isa = XCBuildConfiguration;
			buildSettings = {
				INFOPLIST_FILE = "九宫格手势密码UITests/Info.plist";
				LD_RUNPATH_SEARCH_PATHS = "$(inherited) @executable_path/Frameworks @loader_path/Frameworks";
				PRODUCT_BUNDLE_IDENTIFIER = "yitong.-------UITests";
				PRODUCT_NAME = "$(TARGET_NAME)";
				TEST_TARGET_NAME = "九宫格手势密码";
				USES_XCTRUNNER = YES;
			};
			name = Release;
		};
/* End XCBuildConfiguration section */

/* Begin XCConfigurationList section */
		BF7E8CD01CDC77D9003E2449 /* Build configuration list for PBXProject "九宫格手势密码" */ = {
			isa = XCConfigurationList;
			buildConfigurations = (
				BF7E8D001CDC77D9003E2449 /* Debug */,
				BF7E8D011CDC77D9003E2449 /* Release */,
			);
			defaultConfigurationIsVisible = 0;
			defaultConfigurationName = Release;
		};
		BF7E8D021CDC77D9003E2449 /* Build configuration list for PBXNativeTarget "九宫格手势密码" */ = {
			isa = XCConfigurationList;
			buildConfigurations = (
				BF7E8D031CDC77D9003E2449 /* Debug */,
				BF7E8D041CDC77D9003E2449 /* Release */,
			);
			defaultConfigurationIsVisible = 0;
		};
		BF7E8D051CDC77D9003E2449 /* Build configuration list for PBXNativeTarget "九宫格手势密码Tests" */ = {
			isa = XCConfigurationList;
			buildConfigurations = (
				BF7E8D061CDC77D9003E2449 /* Debug */,
				BF7E8D071CDC77D9003E2449 /* Release */,
			);
			defaultConfigurationIsVisible = 0;
		};
		BF7E8D081CDC77D9003E2449 /* Build configuration list for PBXNativeTarget "九宫格手势密码UITests" */ = {
			isa = XCConfigurationList;
			buildConfigurations = (
				BF7E8D091CDC77D9003E2449 /* Debug */,
				BF7E8D0A1CDC77D9003E2449 /* Release */,
			);
			defaultConfigurationIsVisible = 0;
		};
/* End XCConfigurationList section */
	};
	rootObject = BF7E8CCD1CDC77D9003E2449 /* Project object */;
}
